
Microsoft Visual Studio Solution File, Format Version 12.00
# Visual Studio 15
VisualStudioVersion = 15.0.27130.2026
MinimumVisualStudioVersion = 10.0.40219.1
Project("{2150E333-8FDC-42A3-9474-1A3956D46DE8}") = "framework", "framework", "{57759470-4A50-4A4F-B4E5-19FCD48013B7}"
	ProjectSection(SolutionItems) = preProject
		common.props = common.props
	EndProjectSection
EndProject
Project("{9A19103F-16F7-4668-BE54-9A1E7A4F7556}") = "Lazy.Utilities", "Lazy.Utilities\Lazy.Utilities.csproj", "{73E186F6-3B29-4AB7-B4E1-AC23A89FD85D}"
EndProject
Project("{9A19103F-16F7-4668-BE54-9A1E7A4F7556}") = "Lazy.Kernel", "Lazy.Kernel\Lazy.Kernel.csproj", "{2A283B0D-282A-4F75-A2CE-A1A7C358FFB3}"
EndProject
Project("{2150E333-8FDC-42A3-9474-1A3956D46DE8}") = "tests", "tests", "{2CE5BD92-8B65-4689-8C00-4390A7236D06}"
EndProject
Project("{2150E333-8FDC-42A3-9474-1A3956D46DE8}") = "samples", "samples", "{4D2D7D08-BBBD-4AC3-944D-9F953DF2CD32}"
EndProject
Project("{9A19103F-16F7-4668-BE54-9A1E7A4F7556}") = "Lazy.Sample", "Lazy.Sample\Lazy.Sample.csproj", "{A08E7C28-746E-4E1D-AE6A-1374D9434C4F}"
EndProject
Project("{9A19103F-16F7-4668-BE54-9A1E7A4F7556}") = "Lazy.EFCore", "Lazy.EFCore\Lazy.EFCore.csproj", "{01F8B2D1-43ED-4E79-B25D-10E93857CF89}"
EndProject
Project("{9A19103F-16F7-4668-BE54-9A1E7A4F7556}") = "Lazy.EFBase", "Lazy.EFBase\Lazy.EFBase.csproj", "{BBF62516-1154-43ED-A3DD-77E0D199BC9A}"
EndProject
Project("{9A19103F-16F7-4668-BE54-9A1E7A4F7556}") = "Lazy.EF6", "Lazy.EF6\Lazy.EF6.csproj", "{7F94545B-5F15-426C-A317-9BF4122E17C6}"
EndProject
Project("{9A19103F-16F7-4668-BE54-9A1E7A4F7556}") = "Lazy.AspNetCore.Pluggable", "Lazy.AspNetCore.Pluggable\Lazy.AspNetCore.Pluggable.csproj", "{E0148694-F64E-47C2-89E2-29CCA3FE451C}"
EndProject
Project("{2150E333-8FDC-42A3-9474-1A3956D46DE8}") = "Lazy.Kernel", "Lazy.Kernel", "{5F2C2B07-EF95-41B1-AB34-4BBC9580F62C}"
EndProject
Project("{9A19103F-16F7-4668-BE54-9A1E7A4F7556}") = "Lazy.EF6.Tests", "tests\Lazy.EF6.Tests\Lazy.EF6.Tests.csproj", "{AE81DDF5-46A0-4B4F-95A1-08B169145139}"
EndProject
Project("{9A19103F-16F7-4668-BE54-9A1E7A4F7556}") = "Lazy.EFCore.Tests", "tests\Lazy.EFCore.Tests\Lazy.EFCore.Tests.csproj", "{01C4A00B-79FA-4756-943B-86E9A9F06FA3}"
EndProject
Project("{9A19103F-16F7-4668-BE54-9A1E7A4F7556}") = "Lazy.Utilities.Tests", "tests\Lazy.Utilities.Tests\Lazy.Utilities.Tests.csproj", "{2E0EF5F0-3534-4B57-B1B3-FD77052EFD32}"
EndProject
Project("{9A19103F-16F7-4668-BE54-9A1E7A4F7556}") = "Lazy.Kernel.Tests", "tests\Lazy.Kernel.Tests\Lazy.Kernel.Tests.csproj", "{72B7F07B-146A-4880-A0F6-7B3A4291D48E}"
EndProject
Project("{2150E333-8FDC-42A3-9474-1A3956D46DE8}") = "TestAssemblies", "TestAssemblies", "{FF0F97EC-CF3D-47BB-9801-A8208AA4B827}"
EndProject
Project("{9A19103F-16F7-4668-BE54-9A1E7A4F7556}") = "Test1", "tests\Lazy.Kernel.Tests\TestAssemblies\Test1\Test1.csproj", "{D525569A-507E-4CCD-92B6-129B0A198F32}"
EndProject
Project("{9A19103F-16F7-4668-BE54-9A1E7A4F7556}") = "Test2", "tests\Lazy.Kernel.Tests\TestAssemblies\Test2\Test2.csproj", "{B0B6F394-16CF-4DB9-AECB-C6281745AB66}"
EndProject
Project("{9A19103F-16F7-4668-BE54-9A1E7A4F7556}") = "Test3", "tests\Lazy.Kernel.Tests\TestAssemblies\Test3\Test3.csproj", "{8C8044F9-B011-42AC-89DC-7922BAC58CCB}"
EndProject
Project("{FAE04EC0-301F-11D3-BF4B-00C04F79EFBC}") = "Lazy.WebSample", "Lazy.WebSample\Lazy.WebSample.csproj", "{AD5967F8-12EB-4CD4-83C6-CC6159DA8A52}"
EndProject
Global
	GlobalSection(SolutionConfigurationPlatforms) = preSolution
		Debug|Any CPU = Debug|Any CPU
		Release|Any CPU = Release|Any CPU
	EndGlobalSection
	GlobalSection(ProjectConfigurationPlatforms) = postSolution
		{73E186F6-3B29-4AB7-B4E1-AC23A89FD85D}.Debug|Any CPU.ActiveCfg = Debug|Any CPU
		{73E186F6-3B29-4AB7-B4E1-AC23A89FD85D}.Debug|Any CPU.Build.0 = Debug|Any CPU
		{73E186F6-3B29-4AB7-B4E1-AC23A89FD85D}.Release|Any CPU.ActiveCfg = Release|Any CPU
		{73E186F6-3B29-4AB7-B4E1-AC23A89FD85D}.Release|Any CPU.Build.0 = Release|Any CPU
		{2A283B0D-282A-4F75-A2CE-A1A7C358FFB3}.Debug|Any CPU.ActiveCfg = Debug|Any CPU
		{2A283B0D-282A-4F75-A2CE-A1A7C358FFB3}.Debug|Any CPU.Build.0 = Debug|Any CPU
		{2A283B0D-282A-4F75-A2CE-A1A7C358FFB3}.Release|Any CPU.ActiveCfg = Release|Any CPU
		{2A283B0D-282A-4F75-A2CE-A1A7C358FFB3}.Release|Any CPU.Build.0 = Release|Any CPU
		{A08E7C28-746E-4E1D-AE6A-1374D9434C4F}.Debug|Any CPU.ActiveCfg = Debug|Any CPU
		{A08E7C28-746E-4E1D-AE6A-1374D9434C4F}.Debug|Any CPU.Build.0 = Debug|Any CPU
		{A08E7C28-746E-4E1D-AE6A-1374D9434C4F}.Release|Any CPU.ActiveCfg = Release|Any CPU
		{A08E7C28-746E-4E1D-AE6A-1374D9434C4F}.Release|Any CPU.Build.0 = Release|Any CPU
		{01F8B2D1-43ED-4E79-B25D-10E93857CF89}.Debug|Any CPU.ActiveCfg = Debug|Any CPU
		{01F8B2D1-43ED-4E79-B25D-10E93857CF89}.Debug|Any CPU.Build.0 = Debug|Any CPU
		{01F8B2D1-43ED-4E79-B25D-10E93857CF89}.Release|Any CPU.ActiveCfg = Release|Any CPU
		{01F8B2D1-43ED-4E79-B25D-10E93857CF89}.Release|Any CPU.Build.0 = Release|Any CPU
		{BBF62516-1154-43ED-A3DD-77E0D199BC9A}.Debug|Any CPU.ActiveCfg = Debug|Any CPU
		{BBF62516-1154-43ED-A3DD-77E0D199BC9A}.Debug|Any CPU.Build.0 = Debug|Any CPU
		{BBF62516-1154-43ED-A3DD-77E0D199BC9A}.Release|Any CPU.ActiveCfg = Release|Any CPU
		{BBF62516-1154-43ED-A3DD-77E0D199BC9A}.Release|Any CPU.Build.0 = Release|Any CPU
		{7F94545B-5F15-426C-A317-9BF4122E17C6}.Debug|Any CPU.ActiveCfg = Debug|Any CPU
		{7F94545B-5F15-426C-A317-9BF4122E17C6}.Debug|Any CPU.Build.0 = Debug|Any CPU
		{7F94545B-5F15-426C-A317-9BF4122E17C6}.Release|Any CPU.ActiveCfg = Release|Any CPU
		{7F94545B-5F15-426C-A317-9BF4122E17C6}.Release|Any CPU.Build.0 = Release|Any CPU
		{E0148694-F64E-47C2-89E2-29CCA3FE451C}.Debug|Any CPU.ActiveCfg = Debug|Any CPU
		{E0148694-F64E-47C2-89E2-29CCA3FE451C}.Debug|Any CPU.Build.0 = Debug|Any CPU
		{E0148694-F64E-47C2-89E2-29CCA3FE451C}.Release|Any CPU.ActiveCfg = Release|Any CPU
		{E0148694-F64E-47C2-89E2-29CCA3FE451C}.Release|Any CPU.Build.0 = Release|Any CPU
		{AE81DDF5-46A0-4B4F-95A1-08B169145139}.Debug|Any CPU.ActiveCfg = Debug|Any CPU
		{AE81DDF5-46A0-4B4F-95A1-08B169145139}.Debug|Any CPU.Build.0 = Debug|Any CPU
		{AE81DDF5-46A0-4B4F-95A1-08B169145139}.Release|Any CPU.ActiveCfg = Release|Any CPU
		{AE81DDF5-46A0-4B4F-95A1-08B169145139}.Release|Any CPU.Build.0 = Release|Any CPU
		{01C4A00B-79FA-4756-943B-86E9A9F06FA3}.Debug|Any CPU.ActiveCfg = Debug|Any CPU
		{01C4A00B-79FA-4756-943B-86E9A9F06FA3}.Debug|Any CPU.Build.0 = Debug|Any CPU
		{01C4A00B-79FA-4756-943B-86E9A9F06FA3}.Release|Any CPU.ActiveCfg = Release|Any CPU
		{01C4A00B-79FA-4756-943B-86E9A9F06FA3}.Release|Any CPU.Build.0 = Release|Any CPU
		{2E0EF5F0-3534-4B57-B1B3-FD77052EFD32}.Debug|Any CPU.ActiveCfg = Debug|Any CPU
		{2E0EF5F0-3534-4B57-B1B3-FD77052EFD32}.Debug|Any CPU.Build.0 = Debug|Any CPU
		{2E0EF5F0-3534-4B57-B1B3-FD77052EFD32}.Release|Any CPU.ActiveCfg = Release|Any CPU
		{2E0EF5F0-3534-4B57-B1B3-FD77052EFD32}.Release|Any CPU.Build.0 = Release|Any CPU
		{72B7F07B-146A-4880-A0F6-7B3A4291D48E}.Debug|Any CPU.ActiveCfg = Debug|Any CPU
		{72B7F07B-146A-4880-A0F6-7B3A4291D48E}.Debug|Any CPU.Build.0 = Debug|Any CPU
		{72B7F07B-146A-4880-A0F6-7B3A4291D48E}.Release|Any CPU.ActiveCfg = Release|Any CPU
		{72B7F07B-146A-4880-A0F6-7B3A4291D48E}.Release|Any CPU.Build.0 = Release|Any CPU
		{D525569A-507E-4CCD-92B6-129B0A198F32}.Debug|Any CPU.ActiveCfg = Debug|Any CPU
		{D525569A-507E-4CCD-92B6-129B0A198F32}.Debug|Any CPU.Build.0 = Debug|Any CPU
		{D525569A-507E-4CCD-92B6-129B0A198F32}.Release|Any CPU.ActiveCfg = Release|Any CPU
		{D525569A-507E-4CCD-92B6-129B0A198F32}.Release|Any CPU.Build.0 = Release|Any CPU
		{B0B6F394-16CF-4DB9-AECB-C6281745AB66}.Debug|Any CPU.ActiveCfg = Debug|Any CPU
		{B0B6F394-16CF-4DB9-AECB-C6281745AB66}.Debug|Any CPU.Build.0 = Debug|Any CPU
		{B0B6F394-16CF-4DB9-AECB-C6281745AB66}.Release|Any CPU.ActiveCfg = Release|Any CPU
		{B0B6F394-16CF-4DB9-AECB-C6281745AB66}.Release|Any CPU.Build.0 = Release|Any CPU
		{8C8044F9-B011-42AC-89DC-7922BAC58CCB}.Debug|Any CPU.ActiveCfg = Debug|Any CPU
		{8C8044F9-B011-42AC-89DC-7922BAC58CCB}.Debug|Any CPU.Build.0 = Debug|Any CPU
		{8C8044F9-B011-42AC-89DC-7922BAC58CCB}.Release|Any CPU.ActiveCfg = Release|Any CPU
		{8C8044F9-B011-42AC-89DC-7922BAC58CCB}.Release|Any CPU.Build.0 = Release|Any CPU
		{AD5967F8-12EB-4CD4-83C6-CC6159DA8A52}.Debug|Any CPU.ActiveCfg = Debug|Any CPU
		{AD5967F8-12EB-4CD4-83C6-CC6159DA8A52}.Debug|Any CPU.Build.0 = Debug|Any CPU
		{AD5967F8-12EB-4CD4-83C6-CC6159DA8A52}.Release|Any CPU.ActiveCfg = Release|Any CPU
		{AD5967F8-12EB-4CD4-83C6-CC6159DA8A52}.Release|Any CPU.Build.0 = Release|Any CPU
	EndGlobalSection
	GlobalSection(SolutionProperties) = preSolution
		HideSolutionNode = FALSE
	EndGlobalSection
	GlobalSection(NestedProjects) = preSolution
		{73E186F6-3B29-4AB7-B4E1-AC23A89FD85D} = {57759470-4A50-4A4F-B4E5-19FCD48013B7}
		{2A283B0D-282A-4F75-A2CE-A1A7C358FFB3} = {57759470-4A50-4A4F-B4E5-19FCD48013B7}
		{A08E7C28-746E-4E1D-AE6A-1374D9434C4F} = {4D2D7D08-BBBD-4AC3-944D-9F953DF2CD32}
		{01F8B2D1-43ED-4E79-B25D-10E93857CF89} = {57759470-4A50-4A4F-B4E5-19FCD48013B7}
		{BBF62516-1154-43ED-A3DD-77E0D199BC9A} = {57759470-4A50-4A4F-B4E5-19FCD48013B7}
		{7F94545B-5F15-426C-A317-9BF4122E17C6} = {57759470-4A50-4A4F-B4E5-19FCD48013B7}
		{E0148694-F64E-47C2-89E2-29CCA3FE451C} = {57759470-4A50-4A4F-B4E5-19FCD48013B7}
		{5F2C2B07-EF95-41B1-AB34-4BBC9580F62C} = {2CE5BD92-8B65-4689-8C00-4390A7236D06}
		{AE81DDF5-46A0-4B4F-95A1-08B169145139} = {2CE5BD92-8B65-4689-8C00-4390A7236D06}
		{01C4A00B-79FA-4756-943B-86E9A9F06FA3} = {2CE5BD92-8B65-4689-8C00-4390A7236D06}
		{2E0EF5F0-3534-4B57-B1B3-FD77052EFD32} = {2CE5BD92-8B65-4689-8C00-4390A7236D06}
		{72B7F07B-146A-4880-A0F6-7B3A4291D48E} = {5F2C2B07-EF95-41B1-AB34-4BBC9580F62C}
		{FF0F97EC-CF3D-47BB-9801-A8208AA4B827} = {5F2C2B07-EF95-41B1-AB34-4BBC9580F62C}
		{D525569A-507E-4CCD-92B6-129B0A198F32} = {FF0F97EC-CF3D-47BB-9801-A8208AA4B827}
		{B0B6F394-16CF-4DB9-AECB-C6281745AB66} = {FF0F97EC-CF3D-47BB-9801-A8208AA4B827}
		{8C8044F9-B011-42AC-89DC-7922BAC58CCB} = {FF0F97EC-CF3D-47BB-9801-A8208AA4B827}
		{AD5967F8-12EB-4CD4-83C6-CC6159DA8A52} = {4D2D7D08-BBBD-4AC3-944D-9F953DF2CD32}
	EndGlobalSection
	GlobalSection(ExtensibilityGlobals) = postSolution
		SolutionGuid = {6DCCE148-2FA6-4191-B967-275BD0772617}
	EndGlobalSection
EndGlobal
