
Microsoft Visual Studio Solution File, Format Version 12.00
# Visual Studio 15
VisualStudioVersion = 15.0.27130.2020
MinimumVisualStudioVersion = 10.0.40219.1
Project("{2150E333-8FDC-42A3-9474-1A3956D46DE8}") = "framework", "framework", "{57759470-4A50-4A4F-B4E5-19FCD48013B7}"
EndProject
Project("{9A19103F-16F7-4668-BE54-9A1E7A4F7556}") = "Lazy.Utilities", "Lazy.Utilities\Lazy.Utilities.csproj", "{73E186F6-3B29-4AB7-B4E1-AC23A89FD85D}"
EndProject
Project("{9A19103F-16F7-4668-BE54-9A1E7A4F7556}") = "Lazy.Kernel", "Lazy.Kernel\Lazy.Kernel.csproj", "{2A283B0D-282A-4F75-A2CE-A1A7C358FFB3}"
EndProject
Project("{2150E333-8FDC-42A3-9474-1A3956D46DE8}") = "tests", "tests", "{2CE5BD92-8B65-4689-8C00-4390A7236D06}"
EndProject
Project("{9A19103F-16F7-4668-BE54-9A1E7A4F7556}") = "Lazy.Utilities.Tests", "Lazy.Utilities.Tests\Lazy.Utilities.Tests.csproj", "{61E34152-3BD0-4242-8E5D-E49912D803DE}"
EndProject
Project("{2150E333-8FDC-42A3-9474-1A3956D46DE8}") = "samples", "samples", "{4D2D7D08-BBBD-4AC3-944D-9F953DF2CD32}"
EndProject
Project("{9A19103F-16F7-4668-BE54-9A1E7A4F7556}") = "Lazy.Sample", "Lazy.Sample\Lazy.Sample.csproj", "{A08E7C28-746E-4E1D-AE6A-1374D9434C4F}"
EndProject
Project("{9A19103F-16F7-4668-BE54-9A1E7A4F7556}") = "Lazy.EF6.Tests", "Lazy.EF6.Tests\Lazy.EF6.Tests.csproj", "{ADE75334-2388-4F9C-AA90-537A00726037}"
EndProject
Project("{9A19103F-16F7-4668-BE54-9A1E7A4F7556}") = "Lazy.EFCore.Tests", "Lazy.EFCore.Tests\Lazy.EFCore.Tests.csproj", "{514A3F1B-17F0-44D1-A257-BDB37AF3ED63}"
EndProject
Project("{9A19103F-16F7-4668-BE54-9A1E7A4F7556}") = "Lazy.Kernel.Tests", "Lazy.Kernel.Tests\Lazy.Kernel.Tests.csproj", "{A497B6ED-A64D-4438-A23B-E7AF57BB00F2}"
EndProject
Project("{FAE04EC0-301F-11D3-BF4B-00C04F79EFBC}") = "Lazy.EFCore", "Lazy.EFCore\Lazy.EFCore.csproj", "{01F8B2D1-43ED-4E79-B25D-10E93857CF89}"
EndProject
Project("{FAE04EC0-301F-11D3-BF4B-00C04F79EFBC}") = "Lazy.EFBase", "Lazy.EFBase\Lazy.EFBase.csproj", "{BBF62516-1154-43ED-A3DD-77E0D199BC9A}"
EndProject
Project("{FAE04EC0-301F-11D3-BF4B-00C04F79EFBC}") = "Lazy.EF6", "Lazy.EF6\Lazy.EF6.csproj", "{7F94545B-5F15-426C-A317-9BF4122E17C6}"
EndProject
Global
	GlobalSection(SolutionConfigurationPlatforms) = preSolution
		Debug|Any CPU = Debug|Any CPU
		Release|Any CPU = Release|Any CPU
	EndGlobalSection
	GlobalSection(ProjectConfigurationPlatforms) = postSolution
		{73E186F6-3B29-4AB7-B4E1-AC23A89FD85D}.Debug|Any CPU.ActiveCfg = Debug|Any CPU
		{73E186F6-3B29-4AB7-B4E1-AC23A89FD85D}.Debug|Any CPU.Build.0 = Debug|Any CPU
		{73E186F6-3B29-4AB7-B4E1-AC23A89FD85D}.Release|Any CPU.ActiveCfg = Release|Any CPU
		{73E186F6-3B29-4AB7-B4E1-AC23A89FD85D}.Release|Any CPU.Build.0 = Release|Any CPU
		{2A283B0D-282A-4F75-A2CE-A1A7C358FFB3}.Debug|Any CPU.ActiveCfg = Debug|Any CPU
		{2A283B0D-282A-4F75-A2CE-A1A7C358FFB3}.Debug|Any CPU.Build.0 = Debug|Any CPU
		{2A283B0D-282A-4F75-A2CE-A1A7C358FFB3}.Release|Any CPU.ActiveCfg = Release|Any CPU
		{2A283B0D-282A-4F75-A2CE-A1A7C358FFB3}.Release|Any CPU.Build.0 = Release|Any CPU
		{61E34152-3BD0-4242-8E5D-E49912D803DE}.Debug|Any CPU.ActiveCfg = Debug|Any CPU
		{61E34152-3BD0-4242-8E5D-E49912D803DE}.Debug|Any CPU.Build.0 = Debug|Any CPU
		{61E34152-3BD0-4242-8E5D-E49912D803DE}.Release|Any CPU.ActiveCfg = Release|Any CPU
		{61E34152-3BD0-4242-8E5D-E49912D803DE}.Release|Any CPU.Build.0 = Release|Any CPU
		{A08E7C28-746E-4E1D-AE6A-1374D9434C4F}.Debug|Any CPU.ActiveCfg = Debug|Any CPU
		{A08E7C28-746E-4E1D-AE6A-1374D9434C4F}.Debug|Any CPU.Build.0 = Debug|Any CPU
		{A08E7C28-746E-4E1D-AE6A-1374D9434C4F}.Release|Any CPU.ActiveCfg = Release|Any CPU
		{A08E7C28-746E-4E1D-AE6A-1374D9434C4F}.Release|Any CPU.Build.0 = Release|Any CPU
		{ADE75334-2388-4F9C-AA90-537A00726037}.Debug|Any CPU.ActiveCfg = Debug|Any CPU
		{ADE75334-2388-4F9C-AA90-537A00726037}.Debug|Any CPU.Build.0 = Debug|Any CPU
		{ADE75334-2388-4F9C-AA90-537A00726037}.Release|Any CPU.ActiveCfg = Release|Any CPU
		{ADE75334-2388-4F9C-AA90-537A00726037}.Release|Any CPU.Build.0 = Release|Any CPU
		{514A3F1B-17F0-44D1-A257-BDB37AF3ED63}.Debug|Any CPU.ActiveCfg = Debug|Any CPU
		{514A3F1B-17F0-44D1-A257-BDB37AF3ED63}.Debug|Any CPU.Build.0 = Debug|Any CPU
		{514A3F1B-17F0-44D1-A257-BDB37AF3ED63}.Release|Any CPU.ActiveCfg = Release|Any CPU
		{514A3F1B-17F0-44D1-A257-BDB37AF3ED63}.Release|Any CPU.Build.0 = Release|Any CPU
		{A497B6ED-A64D-4438-A23B-E7AF57BB00F2}.Debug|Any CPU.ActiveCfg = Debug|Any CPU
		{A497B6ED-A64D-4438-A23B-E7AF57BB00F2}.Debug|Any CPU.Build.0 = Debug|Any CPU
		{A497B6ED-A64D-4438-A23B-E7AF57BB00F2}.Release|Any CPU.ActiveCfg = Release|Any CPU
		{A497B6ED-A64D-4438-A23B-E7AF57BB00F2}.Release|Any CPU.Build.0 = Release|Any CPU
		{01F8B2D1-43ED-4E79-B25D-10E93857CF89}.Debug|Any CPU.ActiveCfg = Debug|Any CPU
		{01F8B2D1-43ED-4E79-B25D-10E93857CF89}.Debug|Any CPU.Build.0 = Debug|Any CPU
		{01F8B2D1-43ED-4E79-B25D-10E93857CF89}.Release|Any CPU.ActiveCfg = Release|Any CPU
		{01F8B2D1-43ED-4E79-B25D-10E93857CF89}.Release|Any CPU.Build.0 = Release|Any CPU
		{BBF62516-1154-43ED-A3DD-77E0D199BC9A}.Debug|Any CPU.ActiveCfg = Debug|Any CPU
		{BBF62516-1154-43ED-A3DD-77E0D199BC9A}.Debug|Any CPU.Build.0 = Debug|Any CPU
		{BBF62516-1154-43ED-A3DD-77E0D199BC9A}.Release|Any CPU.ActiveCfg = Release|Any CPU
		{BBF62516-1154-43ED-A3DD-77E0D199BC9A}.Release|Any CPU.Build.0 = Release|Any CPU
		{7F94545B-5F15-426C-A317-9BF4122E17C6}.Debug|Any CPU.ActiveCfg = Debug|Any CPU
		{7F94545B-5F15-426C-A317-9BF4122E17C6}.Debug|Any CPU.Build.0 = Debug|Any CPU
		{7F94545B-5F15-426C-A317-9BF4122E17C6}.Release|Any CPU.ActiveCfg = Release|Any CPU
		{7F94545B-5F15-426C-A317-9BF4122E17C6}.Release|Any CPU.Build.0 = Release|Any CPU
	EndGlobalSection
	GlobalSection(SolutionProperties) = preSolution
		HideSolutionNode = FALSE
	EndGlobalSection
	GlobalSection(NestedProjects) = preSolution
		{73E186F6-3B29-4AB7-B4E1-AC23A89FD85D} = {57759470-4A50-4A4F-B4E5-19FCD48013B7}
		{2A283B0D-282A-4F75-A2CE-A1A7C358FFB3} = {57759470-4A50-4A4F-B4E5-19FCD48013B7}
		{61E34152-3BD0-4242-8E5D-E49912D803DE} = {2CE5BD92-8B65-4689-8C00-4390A7236D06}
		{A08E7C28-746E-4E1D-AE6A-1374D9434C4F} = {4D2D7D08-BBBD-4AC3-944D-9F953DF2CD32}
		{ADE75334-2388-4F9C-AA90-537A00726037} = {2CE5BD92-8B65-4689-8C00-4390A7236D06}
		{514A3F1B-17F0-44D1-A257-BDB37AF3ED63} = {2CE5BD92-8B65-4689-8C00-4390A7236D06}
		{A497B6ED-A64D-4438-A23B-E7AF57BB00F2} = {2CE5BD92-8B65-4689-8C00-4390A7236D06}
		{01F8B2D1-43ED-4E79-B25D-10E93857CF89} = {57759470-4A50-4A4F-B4E5-19FCD48013B7}
		{BBF62516-1154-43ED-A3DD-77E0D199BC9A} = {57759470-4A50-4A4F-B4E5-19FCD48013B7}
		{7F94545B-5F15-426C-A317-9BF4122E17C6} = {57759470-4A50-4A4F-B4E5-19FCD48013B7}
	EndGlobalSection
	GlobalSection(ExtensibilityGlobals) = postSolution
		SolutionGuid = {6DCCE148-2FA6-4191-B967-275BD0772617}
	EndGlobalSection
EndGlobal
